
Microsoft Visual Studio Solution File, Format Version 12.00
# Visual Studio 15
Project("{FAE04EC0-301F-11D3-BF4B-00C04F79EFBC}") = "Assembly-CSharp-firstpass", "Assembly-CSharp-firstpass.csproj", "{BA633C19-2E3B-5290-8045-E2A884DFF936}"
EndProject
Project("{FAE04EC0-301F-11D3-BF4B-00C04F79EFBC}") = "Assembly-CSharp", "Assembly-CSharp.csproj", "{B0DB62D8-3236-080D-D18D-BB65A4335097}"
EndProject
Project("{FAE04EC0-301F-11D3-BF4B-00C04F79EFBC}") = "Assembly-CSharp-Editor-firstpass", "Assembly-CSharp-Editor-firstpass.csproj", "{2D14EB81-B9B7-B22D-BDF1-3E3108F61A3A}"
EndProject
Global
	GlobalSection(SolutionConfigurationPlatforms) = preSolution
		Debug|Any CPU = Debug|Any CPU
		Release|Any CPU = Release|Any CPU
	EndGlobalSection
	GlobalSection(ProjectConfigurationPlatforms) = postSolution
		{BA633C19-2E3B-5290-8045-E2A884DFF936}.Debug|Any CPU.ActiveCfg = Debug|Any CPU
		{BA633C19-2E3B-5290-8045-E2A884DFF936}.Debug|Any CPU.Build.0 = Debug|Any CPU
		{BA633C19-2E3B-5290-8045-E2A884DFF936}.Release|Any CPU.ActiveCfg = Release|Any CPU
		{BA633C19-2E3B-5290-8045-E2A884DFF936}.Release|Any CPU.Build.0 = Release|Any CPU
		{B0DB62D8-3236-080D-D18D-BB65A4335097}.Debug|Any CPU.ActiveCfg = Debug|Any CPU
		{B0DB62D8-3236-080D-D18D-BB65A4335097}.Debug|Any CPU.Build.0 = Debug|Any CPU
		{B0DB62D8-3236-080D-D18D-BB65A4335097}.Release|Any CPU.ActiveCfg = Release|Any CPU
		{B0DB62D8-3236-080D-D18D-BB65A4335097}.Release|Any CPU.Build.0 = Release|Any CPU
		{2D14EB81-B9B7-B22D-BDF1-3E3108F61A3A}.Debug|Any CPU.ActiveCfg = Debug|Any CPU
		{2D14EB81-B9B7-B22D-BDF1-3E3108F61A3A}.Debug|Any CPU.Build.0 = Debug|Any CPU
		{2D14EB81-B9B7-B22D-BDF1-3E3108F61A3A}.Release|Any CPU.ActiveCfg = Release|Any CPU
		{2D14EB81-B9B7-B22D-BDF1-3E3108F61A3A}.Release|Any CPU.Build.0 = Release|Any CPU
	EndGlobalSection
	GlobalSection(SolutionProperties) = preSolution
		HideSolutionNode = FALSE
	EndGlobalSection
EndGlobal
